// !$*UTF8*$!
{
	archiveVersion = 1;
	classes = {
	};
	objectVersion = 55;
	objects = {

/* Begin PBXBuildFile section */
		98CE18212823B47100F36591 /* AppDelegate.swift in Sources */ = {isa = PBXBuildFile; fileRef = 98CE18202823B47100F36591 /* AppDelegate.swift */; };
		98CE18232823B47100F36591 /* SceneDelegate.swift in Sources */ = {isa = PBXBuildFile; fileRef = 98CE18222823B47100F36591 /* SceneDelegate.swift */; };
		98CE18252823B47100F36591 /* ViewController.swift in Sources */ = {isa = PBXBuildFile; fileRef = 98CE18242823B47100F36591 /* ViewController.swift */; };
		98CE18282823B47100F36591 /* Main.storyboard in Resources */ = {isa = PBXBuildFile; fileRef = 98CE18262823B47100F36591 /* Main.storyboard */; };
		98CE182A2823B47100F36591 /* Assets.xcassets in Resources */ = {isa = PBXBuildFile; fileRef = 98CE18292823B47100F36591 /* Assets.xcassets */; };
		98CE182D2823B47100F36591 /* LaunchScreen.storyboard in Resources */ = {isa = PBXBuildFile; fileRef = 98CE182B2823B47100F36591 /* LaunchScreen.storyboard */; };
		F525021D25203F2E69CB5C86 /* Pods_FBSignApp.framework in Frameworks */ = {isa = PBXBuildFile; fileRef = ECA97D0F6A0869DEEC80E885 /* Pods_FBSignApp.framework */; };
/* End PBXBuildFile section */

/* Begin PBXFileReference section */
		8614FC9731F28B5D9F63E484 /* Pods-FBSignApp.debug.xcconfig */ = {isa = PBXFileReference; includeInIndex = 1; lastKnownFileType = text.xcconfig; name = "Pods-FBSignApp.debug.xcconfig"; path = "Target Support Files/Pods-FBSignApp/Pods-FBSignApp.debug.xcconfig"; sourceTree = "<group>"; };
		986CB9522823B8FA0009FEA1 /* FBSignApp.entitlements */ = {isa = PBXFileReference; lastKnownFileType = text.plist.entitlements; path = FBSignApp.entitlements; sourceTree = "<group>"; };
		98CE181D2823B47100F36591 /* FBSignApp.app */ = {isa = PBXFileReference; explicitFileType = wrapper.application; includeInIndex = 0; path = FBSignApp.app; sourceTree = BUILT_PRODUCTS_DIR; };
		98CE18202823B47100F36591 /* AppDelegate.swift */ = {isa = PBXFileReference; lastKnownFileType = sourcecode.swift; path = AppDelegate.swift; sourceTree = "<group>"; };
		98CE18222823B47100F36591 /* SceneDelegate.swift */ = {isa = PBXFileReference; lastKnownFileType = sourcecode.swift; path = SceneDelegate.swift; sourceTree = "<group>"; };
		98CE18242823B47100F36591 /* ViewController.swift */ = {isa = PBXFileReference; lastKnownFileType = sourcecode.swift; path = ViewController.swift; sourceTree = "<group>"; };
		98CE18272823B47100F36591 /* Base */ = {isa = PBXFileReference; lastKnownFileType = file.storyboard; name = Base; path = Base.lproj/Main.storyboard; sourceTree = "<group>"; };
		98CE18292823B47100F36591 /* Assets.xcassets */ = {isa = PBXFileReference; lastKnownFileType = folder.assetcatalog; path = Assets.xcassets; sourceTree = "<group>"; };
		98CE182C2823B47100F36591 /* Base */ = {isa = PBXFileReference; lastKnownFileType = file.storyboard; name = Base; path = Base.lproj/LaunchScreen.storyboard; sourceTree = "<group>"; };
		98CE182E2823B47100F36591 /* Info.plist */ = {isa = PBXFileReference; lastKnownFileType = text.plist.xml; path = Info.plist; sourceTree = "<group>"; };
		A50E4E00F40D6001E7B26156 /* Pods-FBSignApp.release.xcconfig */ = {isa = PBXFileReference; includeInIndex = 1; lastKnownFileType = text.xcconfig; name = "Pods-FBSignApp.release.xcconfig"; path = "Target Support Files/Pods-FBSignApp/Pods-FBSignApp.release.xcconfig"; sourceTree = "<group>"; };
		ECA97D0F6A0869DEEC80E885 /* Pods_FBSignApp.framework */ = {isa = PBXFileReference; explicitFileType = wrapper.framework; includeInIndex = 0; path = Pods_FBSignApp.framework; sourceTree = BUILT_PRODUCTS_DIR; };
/* End PBXFileReference section */

/* Begin PBXFrameworksBuildPhase section */
		98CE181A2823B47100F36591 /* Frameworks */ = {
			isa = PBXFrameworksBuildPhase;
			buildActionMask = 2147483647;
			files = (
				F525021D25203F2E69CB5C86 /* Pods_FBSignApp.framework in Frameworks */,
			);
			runOnlyForDeploymentPostprocessing = 0;
		};
/* End PBXFrameworksBuildPhase section */

/* Begin PBXGroup section */
		2C65C79A07C971EC9E6FD075 /* Frameworks */ = {
			isa = PBXGroup;
			children = (
				ECA97D0F6A0869DEEC80E885 /* Pods_FBSignApp.framework */,
			);
			name = Frameworks;
			sourceTree = "<group>";
		};
		98CE18142823B47100F36591 = {
			isa = PBXGroup;
			children = (
				98CE181F2823B47100F36591 /* FBSignApp */,
				98CE181E2823B47100F36591 /* Products */,
				DF3D50C605EB78E47D80CCC3 /* Pods */,
				2C65C79A07C971EC9E6FD075 /* Frameworks */,
			);
			sourceTree = "<group>";
		};
		98CE181E2823B47100F36591 /* Products */ = {
			isa = PBXGroup;
			children = (
				98CE181D2823B47100F36591 /* FBSignApp.app */,
			);
			name = Products;
			sourceTree = "<group>";
		};
		98CE181F2823B47100F36591 /* FBSignApp */ = {
			isa = PBXGroup;
			children = (
				986CB9522823B8FA0009FEA1 /* FBSignApp.entitlements */,
				98CE18202823B47100F36591 /* AppDelegate.swift */,
				98CE18222823B47100F36591 /* SceneDelegate.swift */,
				98CE18242823B47100F36591 /* ViewController.swift */,
				98CE18262823B47100F36591 /* Main.storyboard */,
				98CE18292823B47100F36591 /* Assets.xcassets */,
				98CE182B2823B47100F36591 /* LaunchScreen.storyboard */,
				98CE182E2823B47100F36591 /* Info.plist */,
			);
			path = FBSignApp;
			sourceTree = "<group>";
		};
		DF3D50C605EB78E47D80CCC3 /* Pods */ = {
			isa = PBXGroup;
			children = (
				8614FC9731F28B5D9F63E484 /* Pods-FBSignApp.debug.xcconfig */,
				A50E4E00F40D6001E7B26156 /* Pods-FBSignApp.release.xcconfig */,
			);
			path = Pods;
			sourceTree = "<group>";
		};
/* End PBXGroup section */

/* Begin PBXNativeTarget section */
		98CE181C2823B47100F36591 /* FBSignApp */ = {
			isa = PBXNativeTarget;
			buildConfigurationList = 98CE18312823B47100F36591 /* Build configuration list for PBXNativeTarget "FBSignApp" */;
			buildPhases = (
				4E55D16CC132438991A1DC70 /* [CP] Check Pods Manifest.lock */,
				98CE18192823B47100F36591 /* Sources */,
				98CE181A2823B47100F36591 /* Frameworks */,
				98CE181B2823B47100F36591 /* Resources */,
				EC6B2DD74800FD69C02DC7E2 /* [CP] Embed Pods Frameworks */,
			);
			buildRules = (
			);
			dependencies = (
			);
			name = FBSignApp;
			productName = FBSignApp;
			productReference = 98CE181D2823B47100F36591 /* FBSignApp.app */;
			productType = "com.apple.product-type.application";
		};
/* End PBXNativeTarget section */

/* Begin PBXProject section */
		98CE18152823B47100F36591 /* Project object */ = {
			isa = PBXProject;
			attributes = {
				BuildIndependentTargetsInParallel = 1;
				LastSwiftUpdateCheck = 1330;
				LastUpgradeCheck = 1330;
				TargetAttributes = {
					98CE181C2823B47100F36591 = {
						CreatedOnToolsVersion = 13.3.1;
					};
				};
			};
			buildConfigurationList = 98CE18182823B47100F36591 /* Build configuration list for PBXProject "FBSignApp" */;
			compatibilityVersion = "Xcode 13.0";
			developmentRegion = en;
			hasScannedForEncodings = 0;
			knownRegions = (
				en,
				Base,
			);
			mainGroup = 98CE18142823B47100F36591;
			productRefGroup = 98CE181E2823B47100F36591 /* Products */;
			projectDirPath = "";
			projectRoot = "";
			targets = (
				98CE181C2823B47100F36591 /* FBSignApp */,
			);
		};
/* End PBXProject section */

/* Begin PBXResourcesBuildPhase section */
		98CE181B2823B47100F36591 /* Resources */ = {
			isa = PBXResourcesBuildPhase;
			buildActionMask = 2147483647;
			files = (
				98CE182D2823B47100F36591 /* LaunchScreen.storyboard in Resources */,
				98CE182A2823B47100F36591 /* Assets.xcassets in Resources */,
				98CE18282823B47100F36591 /* Main.storyboard in Resources */,
			);
			runOnlyForDeploymentPostprocessing = 0;
		};
/* End PBXResourcesBuildPhase section */

/* Begin PBXShellScriptBuildPhase section */
		4E55D16CC132438991A1DC70 /* [CP] Check Pods Manifest.lock */ = {
			isa = PBXShellScriptBuildPhase;
			buildActionMask = 2147483647;
			files = (
			);
			inputFileListPaths = (
			);
			inputPaths = (
				"${PODS_PODFILE_DIR_PATH}/Podfile.lock",
				"${PODS_ROOT}/Manifest.lock",
			);
			name = "[CP] Check Pods Manifest.lock";
			outputFileListPaths = (
			);
			outputPaths = (
				"$(DERIVED_FILE_DIR)/Pods-FBSignApp-checkManifestLockResult.txt",
			);
			runOnlyForDeploymentPostprocessing = 0;
			shellPath = /bin/sh;
			shellScript = "diff \"${PODS_PODFILE_DIR_PATH}/Podfile.lock\" \"${PODS_ROOT}/Manifest.lock\" > /dev/null\nif [ $? != 0 ] ; then\n    # print error to STDERR\n    echo \"error: The sandbox is not in sync with the Podfile.lock. Run 'pod install' or update your CocoaPods installation.\" >&2\n    exit 1\nfi\n# This output is used by Xcode 'outputs' to avoid re-running this script phase.\necho \"SUCCESS\" > \"${SCRIPT_OUTPUT_FILE_0}\"\n";
			showEnvVarsInLog = 0;
		};
		EC6B2DD74800FD69C02DC7E2 /* [CP] Embed Pods Frameworks */ = {
			isa = PBXShellScriptBuildPhase;
			buildActionMask = 2147483647;
			files = (
			);
			inputFileListPaths = (
				"${PODS_ROOT}/Target Support Files/Pods-FBSignApp/Pods-FBSignApp-frameworks-${CONFIGURATION}-input-files.xcfilelist",
			);
			name = "[CP] Embed Pods Frameworks";
			outputFileListPaths = (
				"${PODS_ROOT}/Target Support Files/Pods-FBSignApp/Pods-FBSignApp-frameworks-${CONFIGURATION}-output-files.xcfilelist",
			);
			runOnlyForDeploymentPostprocessing = 0;
			shellPath = /bin/sh;
			shellScript = "\"${PODS_ROOT}/Target Support Files/Pods-FBSignApp/Pods-FBSignApp-frameworks.sh\"\n";
			showEnvVarsInLog = 0;
		};
/* End PBXShellScriptBuildPhase section */

/* Begin PBXSourcesBuildPhase section */
		98CE18192823B47100F36591 /* Sources */ = {
			isa = PBXSourcesBuildPhase;
			buildActionMask = 2147483647;
			files = (
				98CE18252823B47100F36591 /* ViewController.swift in Sources */,
				98CE18212823B47100F36591 /* AppDelegate.swift in Sources */,
				98CE18232823B47100F36591 /* SceneDelegate.swift in Sources */,
			);
			runOnlyForDeploymentPostprocessing = 0;
		};
/* End PBXSourcesBuildPhase section */

/* Begin PBXVariantGroup section */
		98CE18262823B47100F36591 /* Main.storyboard */ = {
			isa = PBXVariantGroup;
			children = (
				98CE18272823B47100F36591 /* Base */,
			);
			name = Main.storyboard;
			sourceTree = "<group>";
		};
		98CE182B2823B47100F36591 /* LaunchScreen.storyboard */ = {
			isa = PBXVariantGroup;
			children = (
				98CE182C2823B47100F36591 /* Base */,
			);
			name = LaunchScreen.storyboard;
			sourceTree = "<group>";
		};
/* End PBXVariantGroup section */

/* Begin XCBuildConfiguration section */
		98CE182F2823B47100F36591 /* Debug */ = {
			isa = XCBuildConfiguration;
			buildSettings = {
				ALWAYS_SEARCH_USER_PATHS = NO;
				CLANG_ANALYZER_NONNULL = YES;
				CLANG_ANALYZER_NUMBER_OBJECT_CONVERSION = YES_AGGRESSIVE;
				CLANG_CXX_LANGUAGE_STANDARD = "gnu++17";
				CLANG_ENABLE_MODULES = YES;
				CLANG_ENABLE_OBJC_ARC = YES;
				CLANG_ENABLE_OBJC_WEAK = YES;
				CLANG_WARN_BLOCK_CAPTURE_AUTORELEASING = YES;
				CLANG_WARN_BOOL_CONVERSION = YES;
				CLANG_WARN_COMMA = YES;
				CLANG_WARN_CONSTANT_CONVERSION = YES;
				CLANG_WARN_DEPRECATED_OBJC_IMPLEMENTATIONS = YES;
				CLANG_WARN_DIRECT_OBJC_ISA_USAGE = YES_ERROR;
				CLANG_WARN_DOCUMENTATION_COMMENTS = YES;
				CLANG_WARN_EMPTY_BODY = YES;
				CLANG_WARN_ENUM_CONVERSION = YES;
				CLANG_WARN_INFINITE_RECURSION = YES;
				CLANG_WARN_INT_CONVERSION = YES;
				CLANG_WARN_NON_LITERAL_NULL_CONVERSION = YES;
				CLANG_WARN_OBJC_IMPLICIT_RETAIN_SELF = YES;
				CLANG_WARN_OBJC_LITERAL_CONVERSION = YES;
				CLANG_WARN_OBJC_ROOT_CLASS = YES_ERROR;
				CLANG_WARN_QUOTED_INCLUDE_IN_FRAMEWORK_HEADER = YES;
				CLANG_WARN_RANGE_LOOP_ANALYSIS = YES;
				CLANG_WARN_STRICT_PROTOTYPES = YES;
				CLANG_WARN_SUSPICIOUS_MOVE = YES;
				CLANG_WARN_UNGUARDED_AVAILABILITY = YES_AGGRESSIVE;
				CLANG_WARN_UNREACHABLE_CODE = YES;
				CLANG_WARN__DUPLICATE_METHOD_MATCH = YES;
				COPY_PHASE_STRIP = NO;
				DEBUG_INFORMATION_FORMAT = dwarf;
				ENABLE_STRICT_OBJC_MSGSEND = YES;
				ENABLE_TESTABILITY = YES;
				GCC_C_LANGUAGE_STANDARD = gnu11;
				GCC_DYNAMIC_NO_PIC = NO;
				GCC_NO_COMMON_BLOCKS = YES;
				GCC_OPTIMIZATION_LEVEL = 0;
				GCC_PREPROCESSOR_DEFINITIONS = (
					"DEBUG=1",
					"$(inherited)",
				);
				GCC_WARN_64_TO_32_BIT_CONVERSION = YES;
				GCC_WARN_ABOUT_RETURN_TYPE = YES_ERROR;
				GCC_WARN_UNDECLARED_SELECTOR = YES;
				GCC_WARN_UNINITIALIZED_AUTOS = YES_AGGRESSIVE;
				GCC_WARN_UNUSED_FUNCTION = YES;
				GCC_WARN_UNUSED_VARIABLE = YES;
				IPHONEOS_DEPLOYMENT_TARGET = 15.4;
				MTL_ENABLE_DEBUG_INFO = INCLUDE_SOURCE;
				MTL_FAST_MATH = YES;
				ONLY_ACTIVE_ARCH = YES;
				SDKROOT = iphoneos;
				SWIFT_ACTIVE_COMPILATION_CONDITIONS = DEBUG;
				SWIFT_OPTIMIZATION_LEVEL = "-Onone";
			};
			name = Debug;
		};
		98CE18302823B47100F36591 /* Release */ = {
			isa = XCBuildConfiguration;
			buildSettings = {
				ALWAYS_SEARCH_USER_PATHS = NO;
				CLANG_ANALYZER_NONNULL = YES;
				CLANG_ANALYZER_NUMBER_OBJECT_CONVERSION = YES_AGGRESSIVE;
				CLANG_CXX_LANGUAGE_STANDARD = "gnu++17";
				CLANG_ENABLE_MODULES = YES;
				CLANG_ENABLE_OBJC_ARC = YES;
				CLANG_ENABLE_OBJC_WEAK = YES;
				CLANG_WARN_BLOCK_CAPTURE_AUTORELEASING = YES;
				CLANG_WARN_BOOL_CONVERSION = YES;
				CLANG_WARN_COMMA = YES;
				CLANG_WARN_CONSTANT_CONVERSION = YES;
				CLANG_WARN_DEPRECATED_OBJC_IMPLEMENTATIONS = YES;
				CLANG_WARN_DIRECT_OBJC_ISA_USAGE = YES_ERROR;
				CLANG_WARN_DOCUMENTATION_COMMENTS = YES;
				CLANG_WARN_EMPTY_BODY = YES;
				CLANG_WARN_ENUM_CONVERSION = YES;
				CLANG_WARN_INFINITE_RECURSION = YES;
				CLANG_WARN_INT_CONVERSION = YES;
				CLANG_WARN_NON_LITERAL_NULL_CONVERSION = YES;
				CLANG_WARN_OBJC_IMPLICIT_RETAIN_SELF = YES;
				CLANG_WARN_OBJC_LITERAL_CONVERSION = YES;
				CLANG_WARN_OBJC_ROOT_CLASS = YES_ERROR;
				CLANG_WARN_QUOTED_INCLUDE_IN_FRAMEWORK_HEADER = YES;
				CLANG_WARN_RANGE_LOOP_ANALYSIS = YES;
				CLANG_WARN_STRICT_PROTOTYPES = YES;
				CLANG_WARN_SUSPICIOUS_MOVE = YES;
				CLANG_WARN_UNGUARDED_AVAILABILITY = YES_AGGRESSIVE;
				CLANG_WARN_UNREACHABLE_CODE = YES;
				CLANG_WARN__DUPLICATE_METHOD_MATCH = YES;
				COPY_PHASE_STRIP = NO;
				DEBUG_INFORMATION_FORMAT = "dwarf-with-dsym";
				ENABLE_NS_ASSERTIONS = NO;
				ENABLE_STRICT_OBJC_MSGSEND = YES;
				GCC_C_LANGUAGE_STANDARD = gnu11;
				GCC_NO_COMMON_BLOCKS = YES;
				GCC_WARN_64_TO_32_BIT_CONVERSION = YES;
				GCC_WARN_ABOUT_RETURN_TYPE = YES_ERROR;
				GCC_WARN_UNDECLARED_SELECTOR = YES;
				GCC_WARN_UNINITIALIZED_AUTOS = YES_AGGRESSIVE;
				GCC_WARN_UNUSED_FUNCTION = YES;
				GCC_WARN_UNUSED_VARIABLE = YES;
				IPHONEOS_DEPLOYMENT_TARGET = 15.4;
				MTL_ENABLE_DEBUG_INFO = NO;
				MTL_FAST_MATH = YES;
				SDKROOT = iphoneos;
				SWIFT_COMPILATION_MODE = wholemodule;
				SWIFT_OPTIMIZATION_LEVEL = "-O";
				VALIDATE_PRODUCT = YES;
			};
			name = Release;
		};
		98CE18322823B47100F36591 /* Debug */ = {
			isa = XCBuildConfiguration;
			baseConfigurationReference = 8614FC9731F28B5D9F63E484 /* Pods-FBSignApp.debug.xcconfig */;
			buildSettings = {
				ASSETCATALOG_COMPILER_APPICON_NAME = AppIcon;
				ASSETCATALOG_COMPILER_GLOBAL_ACCENT_COLOR_NAME = AccentColor;
				CODE_SIGN_ENTITLEMENTS = FBSignApp/FBSignApp.entitlements;
				CODE_SIGN_STYLE = Automatic;
				CURRENT_PROJECT_VERSION = 1;
				DEVELOPMENT_TEAM = VXA7QV9UT7;
				GENERATE_INFOPLIST_FILE = YES;
				INFOPLIST_FILE = FBSignApp/Info.plist;
				INFOPLIST_KEY_UIApplicationSupportsIndirectInputEvents = YES;
				INFOPLIST_KEY_UILaunchStoryboardName = LaunchScreen;
				INFOPLIST_KEY_UIMainStoryboardFile = Main;
				INFOPLIST_KEY_UISupportedInterfaceOrientations_iPad = "UIInterfaceOrientationPortrait UIInterfaceOrientationPortraitUpsideDown UIInterfaceOrientationLandscapeLeft UIInterfaceOrientationLandscapeRight";
				INFOPLIST_KEY_UISupportedInterfaceOrientations_iPhone = "UIInterfaceOrientationPortrait UIInterfaceOrientationLandscapeLeft UIInterfaceOrientationLandscapeRight";
				LD_RUNPATH_SEARCH_PATHS = (
					"$(inherited)",
					"@executable_path/Frameworks",
				);
				MARKETING_VERSION = 1.0;
				PRODUCT_BUNDLE_IDENTIFIER = com.yafuju27.FBSignApp;
				PRODUCT_NAME = "$(TARGET_NAME)";
				SWIFT_EMIT_LOC_STRINGS = YES;
				SWIFT_VERSION = 5.0;
				TARGETED_DEVICE_FAMILY = "1,2";
			};
			name = Debug;
		};
		98CE18332823B47100F36591 /* Release */ = {
			isa = XCBuildConfiguration;
			baseConfigurationReference = A50E4E00F40D6001E7B26156 /* Pods-FBSignApp.release.xcconfig */;
			buildSettings = {
				ASSETCATALOG_COMPILER_APPICON_NAME = AppIcon;
				ASSETCATALOG_COMPILER_GLOBAL_ACCENT_COLOR_NAME = AccentColor;
				CODE_SIGN_ENTITLEMENTS = FBSignApp/FBSignApp.entitlements;
				CODE_SIGN_STYLE = Automatic;
				CURRENT_PROJECT_VERSION = 1;
				DEVELOPMENT_TEAM = VXA7QV9UT7;
				GENERATE_INFOPLIST_FILE = YES;
				INFOPLIST_FILE = FBSignApp/Info.plist;
				INFOPLIST_KEY_UIApplicationSupportsIndirectInputEvents = YES;
				INFOPLIST_KEY_UILaunchStoryboardName = LaunchScreen;
				INFOPLIST_KEY_UIMainStoryboardFile = Main;
				INFOPLIST_KEY_UISupportedInterfaceOrientations_iPad = "UIInterfaceOrientationPortrait UIInterfaceOrientationPortraitUpsideDown UIInterfaceOrientationLandscapeLeft UIInterfaceOrientationLandscapeRight";
				INFOPLIST_KEY_UISupportedInterfaceOrientations_iPhone = "UIInterfaceOrientationPortrait UIInterfaceOrientationLandscapeLeft UIInterfaceOrientationLandscapeRight";
				LD_RUNPATH_SEARCH_PATHS = (
					"$(inherited)",
					"@executable_path/Frameworks",
				);
				MARKETING_VERSION = 1.0;
				PRODUCT_BUNDLE_IDENTIFIER = com.yafuju27.FBSignApp;
				PRODUCT_NAME = "$(TARGET_NAME)";
				SWIFT_EMIT_LOC_STRINGS = YES;
				SWIFT_VERSION = 5.0;
				TARGETED_DEVICE_FAMILY = "1,2";
			};
			name = Release;
		};
/* End XCBuildConfiguration section */

/* Begin XCConfigurationList section */
		98CE18182823B47100F36591 /* Build configuration list for PBXProject "FBSignApp" */ = {
			isa = XCConfigurationList;
			buildConfigurations = (
				98CE182F2823B47100F36591 /* Debug */,
				98CE18302823B47100F36591 /* Release */,
			);
			defaultConfigurationIsVisible = 0;
			defaultConfigurationName = Release;
		};
		98CE18312823B47100F36591 /* Build configuration list for PBXNativeTarget "FBSignApp" */ = {
			isa = XCConfigurationList;
			buildConfigurations = (
				98CE18322823B47100F36591 /* Debug */,
				98CE18332823B47100F36591 /* Release */,
			);
			defaultConfigurationIsVisible = 0;
			defaultConfigurationName = Release;
		};
/* End XCConfigurationList section */
	};
	rootObject = 98CE18152823B47100F36591 /* Project object */;
}
